
Microsoft Visual Studio Solution File, Format Version 12.00
# Visual Studio 2015
Project("{FAE04EC0-301F-11D3-BF4B-00C04F79EFBC}") = "Project AndGyroid.CSharp.Plugins", "Project AndGyroid.CSharp.Plugins.csproj", "{1817A4CC-C351-A213-3F53-3BE8437800EC}"
EndProject
Project("{FAE04EC0-301F-11D3-BF4B-00C04F79EFBC}") = "Project AndGyroid.CSharp", "Project AndGyroid.CSharp.csproj", "{DDA03BFC-E605-5CF9-910C-6DCCC9C62DCF}"
EndProject
Project("{FAE04EC0-301F-11D3-BF4B-00C04F79EFBC}") = "Project AndGyroid.CSharp.Editor", "Project AndGyroid.CSharp.Editor.csproj", "{75CC58D7-7378-CD46-91BC-9972FC2D9D1A}"
EndProject
Global
	GlobalSection(SolutionConfigurationPlatforms) = preSolution
		Debug|Any CPU = Debug|Any CPU
		Release|Any CPU = Release|Any CPU
	EndGlobalSection
	GlobalSection(ProjectConfigurationPlatforms) = postSolution
		{1817A4CC-C351-A213-3F53-3BE8437800EC}.Debug|Any CPU.ActiveCfg = Debug|Any CPU
		{1817A4CC-C351-A213-3F53-3BE8437800EC}.Debug|Any CPU.Build.0 = Debug|Any CPU
		{1817A4CC-C351-A213-3F53-3BE8437800EC}.Release|Any CPU.ActiveCfg = Release|Any CPU
		{1817A4CC-C351-A213-3F53-3BE8437800EC}.Release|Any CPU.Build.0 = Release|Any CPU
		{DDA03BFC-E605-5CF9-910C-6DCCC9C62DCF}.Debug|Any CPU.ActiveCfg = Debug|Any CPU
		{DDA03BFC-E605-5CF9-910C-6DCCC9C62DCF}.Debug|Any CPU.Build.0 = Debug|Any CPU
		{DDA03BFC-E605-5CF9-910C-6DCCC9C62DCF}.Release|Any CPU.ActiveCfg = Release|Any CPU
		{DDA03BFC-E605-5CF9-910C-6DCCC9C62DCF}.Release|Any CPU.Build.0 = Release|Any CPU
		{75CC58D7-7378-CD46-91BC-9972FC2D9D1A}.Debug|Any CPU.ActiveCfg = Debug|Any CPU
		{75CC58D7-7378-CD46-91BC-9972FC2D9D1A}.Debug|Any CPU.Build.0 = Debug|Any CPU
		{75CC58D7-7378-CD46-91BC-9972FC2D9D1A}.Release|Any CPU.ActiveCfg = Release|Any CPU
		{75CC58D7-7378-CD46-91BC-9972FC2D9D1A}.Release|Any CPU.Build.0 = Release|Any CPU
	EndGlobalSection
	GlobalSection(SolutionProperties) = preSolution
		HideSolutionNode = FALSE
	EndGlobalSection
EndGlobal
